// !$*UTF8*$!
{
	archiveVersion = 1;
	classes = {
	};
	objectVersion = 50;
	objects = {

/* Begin PBXBuildFile section */
		84CB77CD220AF38500B89628 /* AppDelegate.swift in Sources */ = {isa = PBXBuildFile; fileRef = 84CB77CC220AF38500B89628 /* AppDelegate.swift */; };
		84CB77CF220AF38500B89628 /* ViewController.swift in Sources */ = {isa = PBXBuildFile; fileRef = 84CB77CE220AF38500B89628 /* ViewController.swift */; };
		84CB77D4220AF38700B89628 /* Assets.xcassets in Resources */ = {isa = PBXBuildFile; fileRef = 84CB77D3220AF38700B89628 /* Assets.xcassets */; };
		84CB77D7220AF38700B89628 /* LaunchScreen.storyboard in Resources */ = {isa = PBXBuildFile; fileRef = 84CB77D5220AF38700B89628 /* LaunchScreen.storyboard */; };
		84CB77E2220AF57B00B89628 /* ChatMessageCell.swift in Sources */ = {isa = PBXBuildFile; fileRef = 84CB77E1220AF57B00B89628 /* ChatMessageCell.swift */; };
		84CB77E5220AFD2100B89628 /* ChatMessage.swift in Sources */ = {isa = PBXBuildFile; fileRef = 84CB77E4220AFD2100B89628 /* ChatMessage.swift */; };
		84CB77E8220B205A00B89628 /* Date+Format.swift in Sources */ = {isa = PBXBuildFile; fileRef = 84CB77E7220B205A00B89628 /* Date+Format.swift */; };
/* End PBXBuildFile section */

/* Begin PBXFileReference section */
		84CB77C9220AF38500B89628 /* SwiftGroupedMessages.app */ = {isa = PBXFileReference; explicitFileType = wrapper.application; includeInIndex = 0; path = SwiftGroupedMessages.app; sourceTree = BUILT_PRODUCTS_DIR; };
		84CB77CC220AF38500B89628 /* AppDelegate.swift */ = {isa = PBXFileReference; lastKnownFileType = sourcecode.swift; path = AppDelegate.swift; sourceTree = "<group>"; };
		84CB77CE220AF38500B89628 /* ViewController.swift */ = {isa = PBXFileReference; lastKnownFileType = sourcecode.swift; path = ViewController.swift; sourceTree = "<group>"; };
		84CB77D3220AF38700B89628 /* Assets.xcassets */ = {isa = PBXFileReference; lastKnownFileType = folder.assetcatalog; path = Assets.xcassets; sourceTree = "<group>"; };
		84CB77D6220AF38700B89628 /* Base */ = {isa = PBXFileReference; lastKnownFileType = file.storyboard; name = Base; path = Base.lproj/LaunchScreen.storyboard; sourceTree = "<group>"; };
		84CB77D8220AF38700B89628 /* Info.plist */ = {isa = PBXFileReference; lastKnownFileType = text.plist.xml; path = Info.plist; sourceTree = "<group>"; };
		84CB77E1220AF57B00B89628 /* ChatMessageCell.swift */ = {isa = PBXFileReference; lastKnownFileType = sourcecode.swift; path = ChatMessageCell.swift; sourceTree = "<group>"; };
		84CB77E4220AFD2100B89628 /* ChatMessage.swift */ = {isa = PBXFileReference; lastKnownFileType = sourcecode.swift; path = ChatMessage.swift; sourceTree = "<group>"; };
		84CB77E7220B205A00B89628 /* Date+Format.swift */ = {isa = PBXFileReference; lastKnownFileType = sourcecode.swift; path = "Date+Format.swift"; sourceTree = "<group>"; };
/* End PBXFileReference section */

/* Begin PBXFrameworksBuildPhase section */
		84CB77C6220AF38500B89628 /* Frameworks */ = {
			isa = PBXFrameworksBuildPhase;
			buildActionMask = 2147483647;
			files = (
			);
			runOnlyForDeploymentPostprocessing = 0;
		};
/* End PBXFrameworksBuildPhase section */

/* Begin PBXGroup section */
		84CB77C0220AF38500B89628 = {
			isa = PBXGroup;
			children = (
				84CB77CB220AF38500B89628 /* SwiftGroupedMessages */,
				84CB77CA220AF38500B89628 /* Products */,
			);
			sourceTree = "<group>";
		};
		84CB77CA220AF38500B89628 /* Products */ = {
			isa = PBXGroup;
			children = (
				84CB77C9220AF38500B89628 /* SwiftGroupedMessages.app */,
			);
			name = Products;
			sourceTree = "<group>";
		};
		84CB77CB220AF38500B89628 /* SwiftGroupedMessages */ = {
			isa = PBXGroup;
			children = (
				84CB77DE220AF55500B89628 /* Application */,
				84CB77E0220AF56D00B89628 /* Cell */,
				84CB77E6220B1FD400B89628 /* Extensions */,
				84CB77E3220AFD1700B89628 /* Model */,
				84CB77DF220AF56000B89628 /* ViewControllers */,
			);
			path = SwiftGroupedMessages;
			sourceTree = "<group>";
		};
		84CB77DE220AF55500B89628 /* Application */ = {
			isa = PBXGroup;
			children = (
				84CB77CC220AF38500B89628 /* AppDelegate.swift */,
				84CB77D3220AF38700B89628 /* Assets.xcassets */,
				84CB77D5220AF38700B89628 /* LaunchScreen.storyboard */,
				84CB77D8220AF38700B89628 /* Info.plist */,
			);
			path = Application;
			sourceTree = "<group>";
		};
		84CB77DF220AF56000B89628 /* ViewControllers */ = {
			isa = PBXGroup;
			children = (
				84CB77CE220AF38500B89628 /* ViewController.swift */,
			);
			path = ViewControllers;
			sourceTree = "<group>";
		};
		84CB77E0220AF56D00B89628 /* Cell */ = {
			isa = PBXGroup;
			children = (
				84CB77E1220AF57B00B89628 /* ChatMessageCell.swift */,
			);
			path = Cell;
			sourceTree = "<group>";
		};
		84CB77E3220AFD1700B89628 /* Model */ = {
			isa = PBXGroup;
			children = (
				84CB77E4220AFD2100B89628 /* ChatMessage.swift */,
			);
			path = Model;
			sourceTree = "<group>";
		};
		84CB77E6220B1FD400B89628 /* Extensions */ = {
			isa = PBXGroup;
			children = (
				84CB77E7220B205A00B89628 /* Date+Format.swift */,
			);
			path = Extensions;
			sourceTree = "<group>";
		};
/* End PBXGroup section */

/* Begin PBXNativeTarget section */
		84CB77C8220AF38500B89628 /* SwiftGroupedMessages */ = {
			isa = PBXNativeTarget;
			buildConfigurationList = 84CB77DB220AF38700B89628 /* Build configuration list for PBXNativeTarget "SwiftGroupedMessages" */;
			buildPhases = (
				84CB77C5220AF38500B89628 /* Sources */,
				84CB77C6220AF38500B89628 /* Frameworks */,
				84CB77C7220AF38500B89628 /* Resources */,
			);
			buildRules = (
			);
			dependencies = (
			);
			name = SwiftGroupedMessages;
			productName = SwiftGroupedMessages;
			productReference = 84CB77C9220AF38500B89628 /* SwiftGroupedMessages.app */;
			productType = "com.apple.product-type.application";
		};
/* End PBXNativeTarget section */

/* Begin PBXProject section */
		84CB77C1220AF38500B89628 /* Project object */ = {
			isa = PBXProject;
			attributes = {
				LastSwiftUpdateCheck = 1010;
				LastUpgradeCheck = 1010;
				TargetAttributes = {
					84CB77C8220AF38500B89628 = {
						CreatedOnToolsVersion = 10.1;
					};
				};
			};
			buildConfigurationList = 84CB77C4220AF38500B89628 /* Build configuration list for PBXProject "SwiftGroupedMessages" */;
			compatibilityVersion = "Xcode 9.3";
			developmentRegion = en;
			hasScannedForEncodings = 0;
			knownRegions = (
				en,
				Base,
			);
			mainGroup = 84CB77C0220AF38500B89628;
			productRefGroup = 84CB77CA220AF38500B89628 /* Products */;
			projectDirPath = "";
			projectRoot = "";
			targets = (
				84CB77C8220AF38500B89628 /* SwiftGroupedMessages */,
			);
		};
/* End PBXProject section */

/* Begin PBXResourcesBuildPhase section */
		84CB77C7220AF38500B89628 /* Resources */ = {
			isa = PBXResourcesBuildPhase;
			buildActionMask = 2147483647;
			files = (
				84CB77D7220AF38700B89628 /* LaunchScreen.storyboard in Resources */,
				84CB77D4220AF38700B89628 /* Assets.xcassets in Resources */,
			);
			runOnlyForDeploymentPostprocessing = 0;
		};
/* End PBXResourcesBuildPhase section */

/* Begin PBXSourcesBuildPhase section */
		84CB77C5220AF38500B89628 /* Sources */ = {
			isa = PBXSourcesBuildPhase;
			buildActionMask = 2147483647;
			files = (
				84CB77E2220AF57B00B89628 /* ChatMessageCell.swift in Sources */,
				84CB77E8220B205A00B89628 /* Date+Format.swift in Sources */,
				84CB77E5220AFD2100B89628 /* ChatMessage.swift in Sources */,
				84CB77CF220AF38500B89628 /* ViewController.swift in Sources */,
				84CB77CD220AF38500B89628 /* AppDelegate.swift in Sources */,
			);
			runOnlyForDeploymentPostprocessing = 0;
		};
/* End PBXSourcesBuildPhase section */

/* Begin PBXVariantGroup section */
		84CB77D5220AF38700B89628 /* LaunchScreen.storyboard */ = {
			isa = PBXVariantGroup;
			children = (
				84CB77D6220AF38700B89628 /* Base */,
			);
			name = LaunchScreen.storyboard;
			sourceTree = "<group>";
		};
/* End PBXVariantGroup section */

/* Begin XCBuildConfiguration section */
		84CB77D9220AF38700B89628 /* Debug */ = {
			isa = XCBuildConfiguration;
			buildSettings = {
				ALWAYS_SEARCH_USER_PATHS = NO;
				CLANG_ANALYZER_NONNULL = YES;
				CLANG_ANALYZER_NUMBER_OBJECT_CONVERSION = YES_AGGRESSIVE;
				CLANG_CXX_LANGUAGE_STANDARD = "gnu++14";
				CLANG_CXX_LIBRARY = "libc++";
				CLANG_ENABLE_MODULES = YES;
				CLANG_ENABLE_OBJC_ARC = YES;
				CLANG_ENABLE_OBJC_WEAK = YES;
				CLANG_WARN_BLOCK_CAPTURE_AUTORELEASING = YES;
				CLANG_WARN_BOOL_CONVERSION = YES;
				CLANG_WARN_COMMA = YES;
				CLANG_WARN_CONSTANT_CONVERSION = YES;
				CLANG_WARN_DEPRECATED_OBJC_IMPLEMENTATIONS = YES;
				CLANG_WARN_DIRECT_OBJC_ISA_USAGE = YES_ERROR;
				CLANG_WARN_DOCUMENTATION_COMMENTS = YES;
				CLANG_WARN_EMPTY_BODY = YES;
				CLANG_WARN_ENUM_CONVERSION = YES;
				CLANG_WARN_INFINITE_RECURSION = YES;
				CLANG_WARN_INT_CONVERSION = YES;
				CLANG_WARN_NON_LITERAL_NULL_CONVERSION = YES;
				CLANG_WARN_OBJC_IMPLICIT_RETAIN_SELF = YES;
				CLANG_WARN_OBJC_LITERAL_CONVERSION = YES;
				CLANG_WARN_OBJC_ROOT_CLASS = YES_ERROR;
				CLANG_WARN_RANGE_LOOP_ANALYSIS = YES;
				CLANG_WARN_STRICT_PROTOTYPES = YES;
				CLANG_WARN_SUSPICIOUS_MOVE = YES;
				CLANG_WARN_UNGUARDED_AVAILABILITY = YES_AGGRESSIVE;
				CLANG_WARN_UNREACHABLE_CODE = YES;
				CLANG_WARN__DUPLICATE_METHOD_MATCH = YES;
				CODE_SIGN_IDENTITY = "iPhone Developer";
				COPY_PHASE_STRIP = NO;
				DEBUG_INFORMATION_FORMAT = dwarf;
				ENABLE_STRICT_OBJC_MSGSEND = YES;
				ENABLE_TESTABILITY = YES;
				GCC_C_LANGUAGE_STANDARD = gnu11;
				GCC_DYNAMIC_NO_PIC = NO;
				GCC_NO_COMMON_BLOCKS = YES;
				GCC_OPTIMIZATION_LEVEL = 0;
				GCC_PREPROCESSOR_DEFINITIONS = (
					"DEBUG=1",
					"$(inherited)",
				);
				GCC_WARN_64_TO_32_BIT_CONVERSION = YES;
				GCC_WARN_ABOUT_RETURN_TYPE = YES_ERROR;
				GCC_WARN_UNDECLARED_SELECTOR = YES;
				GCC_WARN_UNINITIALIZED_AUTOS = YES_AGGRESSIVE;
				GCC_WARN_UNUSED_FUNCTION = YES;
				GCC_WARN_UNUSED_VARIABLE = YES;
				IPHONEOS_DEPLOYMENT_TARGET = 12.1;
				MTL_ENABLE_DEBUG_INFO = INCLUDE_SOURCE;
				MTL_FAST_MATH = YES;
				ONLY_ACTIVE_ARCH = YES;
				SDKROOT = iphoneos;
				SWIFT_ACTIVE_COMPILATION_CONDITIONS = DEBUG;
				SWIFT_OPTIMIZATION_LEVEL = "-Onone";
			};
			name = Debug;
		};
		84CB77DA220AF38700B89628 /* Release */ = {
			isa = XCBuildConfiguration;
			buildSettings = {
				ALWAYS_SEARCH_USER_PATHS = NO;
				CLANG_ANALYZER_NONNULL = YES;
				CLANG_ANALYZER_NUMBER_OBJECT_CONVERSION = YES_AGGRESSIVE;
				CLANG_CXX_LANGUAGE_STANDARD = "gnu++14";
				CLANG_CXX_LIBRARY = "libc++";
				CLANG_ENABLE_MODULES = YES;
				CLANG_ENABLE_OBJC_ARC = YES;
				CLANG_ENABLE_OBJC_WEAK = YES;
				CLANG_WARN_BLOCK_CAPTURE_AUTORELEASING = YES;
				CLANG_WARN_BOOL_CONVERSION = YES;
				CLANG_WARN_COMMA = YES;
				CLANG_WARN_CONSTANT_CONVERSION = YES;
				CLANG_WARN_DEPRECATED_OBJC_IMPLEMENTATIONS = YES;
				CLANG_WARN_DIRECT_OBJC_ISA_USAGE = YES_ERROR;
				CLANG_WARN_DOCUMENTATION_COMMENTS = YES;
				CLANG_WARN_EMPTY_BODY = YES;
				CLANG_WARN_ENUM_CONVERSION = YES;
				CLANG_WARN_INFINITE_RECURSION = YES;
				CLANG_WARN_INT_CONVERSION = YES;
				CLANG_WARN_NON_LITERAL_NULL_CONVERSION = YES;
				CLANG_WARN_OBJC_IMPLICIT_RETAIN_SELF = YES;
				CLANG_WARN_OBJC_LITERAL_CONVERSION = YES;
				CLANG_WARN_OBJC_ROOT_CLASS = YES_ERROR;
				CLANG_WARN_RANGE_LOOP_ANALYSIS = YES;
				CLANG_WARN_STRICT_PROTOTYPES = YES;
				CLANG_WARN_SUSPICIOUS_MOVE = YES;
				CLANG_WARN_UNGUARDED_AVAILABILITY = YES_AGGRESSIVE;
				CLANG_WARN_UNREACHABLE_CODE = YES;
				CLANG_WARN__DUPLICATE_METHOD_MATCH = YES;
				CODE_SIGN_IDENTITY = "iPhone Developer";
				COPY_PHASE_STRIP = NO;
				DEBUG_INFORMATION_FORMAT = "dwarf-with-dsym";
				ENABLE_NS_ASSERTIONS = NO;
				ENABLE_STRICT_OBJC_MSGSEND = YES;
				GCC_C_LANGUAGE_STANDARD = gnu11;
				GCC_NO_COMMON_BLOCKS = YES;
				GCC_WARN_64_TO_32_BIT_CONVERSION = YES;
				GCC_WARN_ABOUT_RETURN_TYPE = YES_ERROR;
				GCC_WARN_UNDECLARED_SELECTOR = YES;
				GCC_WARN_UNINITIALIZED_AUTOS = YES_AGGRESSIVE;
				GCC_WARN_UNUSED_FUNCTION = YES;
				GCC_WARN_UNUSED_VARIABLE = YES;
				IPHONEOS_DEPLOYMENT_TARGET = 12.1;
				MTL_ENABLE_DEBUG_INFO = NO;
				MTL_FAST_MATH = YES;
				SDKROOT = iphoneos;
				SWIFT_COMPILATION_MODE = wholemodule;
				SWIFT_OPTIMIZATION_LEVEL = "-O";
				VALIDATE_PRODUCT = YES;
			};
			name = Release;
		};
		84CB77DC220AF38700B89628 /* Debug */ = {
			isa = XCBuildConfiguration;
			buildSettings = {
				ASSETCATALOG_COMPILER_APPICON_NAME = AppIcon;
				CODE_SIGN_STYLE = Automatic;
				DEVELOPMENT_TEAM = 8797H9QG5J;
				INFOPLIST_FILE = "$(SRCROOT)/SwiftGroupedMessages/Application/Info.plist";
				LD_RUNPATH_SEARCH_PATHS = (
					"$(inherited)",
					"@executable_path/Frameworks",
				);
				PRODUCT_BUNDLE_IDENTIFIER = com.tiagoalexbastos.SwiftGroupedMessages;
				PRODUCT_NAME = "$(TARGET_NAME)";
				SWIFT_VERSION = 4.2;
				TARGETED_DEVICE_FAMILY = "1,2";
			};
			name = Debug;
		};
		84CB77DD220AF38700B89628 /* Release */ = {
			isa = XCBuildConfiguration;
			buildSettings = {
				ASSETCATALOG_COMPILER_APPICON_NAME = AppIcon;
				CODE_SIGN_STYLE = Automatic;
				DEVELOPMENT_TEAM = 8797H9QG5J;
				INFOPLIST_FILE = "$(SRCROOT)/SwiftGroupedMessages/Application/Info.plist";
				LD_RUNPATH_SEARCH_PATHS = (
					"$(inherited)",
					"@executable_path/Frameworks",
				);
				PRODUCT_BUNDLE_IDENTIFIER = com.tiagoalexbastos.SwiftGroupedMessages;
				PRODUCT_NAME = "$(TARGET_NAME)";
				SWIFT_VERSION = 4.2;
				TARGETED_DEVICE_FAMILY = "1,2";
			};
			name = Release;
		};
/* End XCBuildConfiguration section */

/* Begin XCConfigurationList section */
		84CB77C4220AF38500B89628 /* Build configuration list for PBXProject "SwiftGroupedMessages" */ = {
			isa = XCConfigurationList;
			buildConfigurations = (
				84CB77D9220AF38700B89628 /* Debug */,
				84CB77DA220AF38700B89628 /* Release */,
			);
			defaultConfigurationIsVisible = 0;
			defaultConfigurationName = Release;
		};
		84CB77DB220AF38700B89628 /* Build configuration list for PBXNativeTarget "SwiftGroupedMessages" */ = {
			isa = XCConfigurationList;
			buildConfigurations = (
				84CB77DC220AF38700B89628 /* Debug */,
				84CB77DD220AF38700B89628 /* Release */,
			);
			defaultConfigurationIsVisible = 0;
			defaultConfigurationName = Release;
		};
/* End XCConfigurationList section */
	};
	rootObject = 84CB77C1220AF38500B89628 /* Project object */;
}
