// !$*UTF8*$!
{
	archiveVersion = 1;
	classes = {
	};
	objectVersion = 48;
	objects = {

/* Begin PBXBuildFile section */
		84131B8C1F4B3BAB0058A546 /* AppDelegate.swift in Sources */ = {isa = PBXBuildFile; fileRef = 84131B8B1F4B3BAB0058A546 /* AppDelegate.swift */; };
		84131B8E1F4B3BAB0058A546 /* ViewController.swift in Sources */ = {isa = PBXBuildFile; fileRef = 84131B8D1F4B3BAB0058A546 /* ViewController.swift */; };
		84131B911F4B3BAB0058A546 /* Main.storyboard in Resources */ = {isa = PBXBuildFile; fileRef = 84131B8F1F4B3BAB0058A546 /* Main.storyboard */; };
		84131B961F4B3BAB0058A546 /* LaunchScreen.storyboard in Resources */ = {isa = PBXBuildFile; fileRef = 84131B941F4B3BAB0058A546 /* LaunchScreen.storyboard */; };
		84131BA11F4B42450058A546 /* Resnet50.mlmodel in Sources */ = {isa = PBXBuildFile; fileRef = 84131BA01F4B42450058A546 /* Resnet50.mlmodel */; };
/* End PBXBuildFile section */

/* Begin PBXFileReference section */
		84131B881F4B3BAB0058A546 /* ObjectDetectorSwift4.app */ = {isa = PBXFileReference; explicitFileType = wrapper.application; includeInIndex = 0; path = ObjectDetectorSwift4.app; sourceTree = BUILT_PRODUCTS_DIR; };
		84131B8B1F4B3BAB0058A546 /* AppDelegate.swift */ = {isa = PBXFileReference; lastKnownFileType = sourcecode.swift; path = AppDelegate.swift; sourceTree = "<group>"; };
		84131B8D1F4B3BAB0058A546 /* ViewController.swift */ = {isa = PBXFileReference; lastKnownFileType = sourcecode.swift; path = ViewController.swift; sourceTree = "<group>"; };
		84131B901F4B3BAB0058A546 /* Base */ = {isa = PBXFileReference; lastKnownFileType = file.storyboard; name = Base; path = Base.lproj/Main.storyboard; sourceTree = "<group>"; };
		84131B951F4B3BAB0058A546 /* Base */ = {isa = PBXFileReference; lastKnownFileType = file.storyboard; name = Base; path = Base.lproj/LaunchScreen.storyboard; sourceTree = "<group>"; };
		84131B971F4B3BAB0058A546 /* Info.plist */ = {isa = PBXFileReference; lastKnownFileType = text.plist.xml; path = Info.plist; sourceTree = "<group>"; };
		84131BA01F4B42450058A546 /* Resnet50.mlmodel */ = {isa = PBXFileReference; lastKnownFileType = file.mlmodel; path = Resnet50.mlmodel; sourceTree = "<group>"; };
		8495D1B01F4B449000A07642 /* Assets.xcassets */ = {isa = PBXFileReference; lastKnownFileType = folder.assetcatalog; path = Assets.xcassets; sourceTree = "<group>"; };
/* End PBXFileReference section */

/* Begin PBXFrameworksBuildPhase section */
		84131B851F4B3BAB0058A546 /* Frameworks */ = {
			isa = PBXFrameworksBuildPhase;
			buildActionMask = 2147483647;
			files = (
			);
			runOnlyForDeploymentPostprocessing = 0;
		};
/* End PBXFrameworksBuildPhase section */

/* Begin PBXGroup section */
		84131B7F1F4B3BAB0058A546 = {
			isa = PBXGroup;
			children = (
				84131B8A1F4B3BAB0058A546 /* ObjectDetectorSwift4 */,
				84131B891F4B3BAB0058A546 /* Products */,
			);
			sourceTree = "<group>";
		};
		84131B891F4B3BAB0058A546 /* Products */ = {
			isa = PBXGroup;
			children = (
				84131B881F4B3BAB0058A546 /* ObjectDetectorSwift4.app */,
			);
			name = Products;
			sourceTree = "<group>";
		};
		84131B8A1F4B3BAB0058A546 /* ObjectDetectorSwift4 */ = {
			isa = PBXGroup;
			children = (
				8495D1B01F4B449000A07642 /* Assets.xcassets */,
				84131BA01F4B42450058A546 /* Resnet50.mlmodel */,
				84131B8B1F4B3BAB0058A546 /* AppDelegate.swift */,
				84131B8D1F4B3BAB0058A546 /* ViewController.swift */,
				84131B8F1F4B3BAB0058A546 /* Main.storyboard */,
				84131B941F4B3BAB0058A546 /* LaunchScreen.storyboard */,
				84131B971F4B3BAB0058A546 /* Info.plist */,
			);
			path = ObjectDetectorSwift4;
			sourceTree = "<group>";
		};
/* End PBXGroup section */

/* Begin PBXNativeTarget section */
		84131B871F4B3BAB0058A546 /* ObjectDetectorSwift4 */ = {
			isa = PBXNativeTarget;
			buildConfigurationList = 84131B9A1F4B3BAB0058A546 /* Build configuration list for PBXNativeTarget "ObjectDetectorSwift4" */;
			buildPhases = (
				84131B841F4B3BAB0058A546 /* Sources */,
				84131B851F4B3BAB0058A546 /* Frameworks */,
				84131B861F4B3BAB0058A546 /* Resources */,
			);
			buildRules = (
			);
			dependencies = (
			);
			name = ObjectDetectorSwift4;
			productName = ObjectDetectorSwift4;
			productReference = 84131B881F4B3BAB0058A546 /* ObjectDetectorSwift4.app */;
			productType = "com.apple.product-type.application";
		};
/* End PBXNativeTarget section */

/* Begin PBXProject section */
		84131B801F4B3BAB0058A546 /* Project object */ = {
			isa = PBXProject;
			attributes = {
				LastSwiftUpdateCheck = 0900;
				LastUpgradeCheck = 0900;
				ORGANIZATIONNAME = "Tiago Bastos";
				TargetAttributes = {
					84131B871F4B3BAB0058A546 = {
						CreatedOnToolsVersion = 9.0;
					};
				};
			};
			buildConfigurationList = 84131B831F4B3BAB0058A546 /* Build configuration list for PBXProject "ObjectDetectorSwift4" */;
			compatibilityVersion = "Xcode 8.0";
			developmentRegion = en;
			hasScannedForEncodings = 0;
			knownRegions = (
				en,
				Base,
			);
			mainGroup = 84131B7F1F4B3BAB0058A546;
			productRefGroup = 84131B891F4B3BAB0058A546 /* Products */;
			projectDirPath = "";
			projectRoot = "";
			targets = (
				84131B871F4B3BAB0058A546 /* ObjectDetectorSwift4 */,
			);
		};
/* End PBXProject section */

/* Begin PBXResourcesBuildPhase section */
		84131B861F4B3BAB0058A546 /* Resources */ = {
			isa = PBXResourcesBuildPhase;
			buildActionMask = 2147483647;
			files = (
				84131B961F4B3BAB0058A546 /* LaunchScreen.storyboard in Resources */,
				84131B911F4B3BAB0058A546 /* Main.storyboard in Resources */,
			);
			runOnlyForDeploymentPostprocessing = 0;
		};
/* End PBXResourcesBuildPhase section */

/* Begin PBXSourcesBuildPhase section */
		84131B841F4B3BAB0058A546 /* Sources */ = {
			isa = PBXSourcesBuildPhase;
			buildActionMask = 2147483647;
			files = (
				84131B8E1F4B3BAB0058A546 /* ViewController.swift in Sources */,
				84131BA11F4B42450058A546 /* Resnet50.mlmodel in Sources */,
				84131B8C1F4B3BAB0058A546 /* AppDelegate.swift in Sources */,
			);
			runOnlyForDeploymentPostprocessing = 0;
		};
/* End PBXSourcesBuildPhase section */

/* Begin PBXVariantGroup section */
		84131B8F1F4B3BAB0058A546 /* Main.storyboard */ = {
			isa = PBXVariantGroup;
			children = (
				84131B901F4B3BAB0058A546 /* Base */,
			);
			name = Main.storyboard;
			sourceTree = "<group>";
		};
		84131B941F4B3BAB0058A546 /* LaunchScreen.storyboard */ = {
			isa = PBXVariantGroup;
			children = (
				84131B951F4B3BAB0058A546 /* Base */,
			);
			name = LaunchScreen.storyboard;
			sourceTree = "<group>";
		};
/* End PBXVariantGroup section */

/* Begin XCBuildConfiguration section */
		84131B981F4B3BAB0058A546 /* Debug */ = {
			isa = XCBuildConfiguration;
			buildSettings = {
				ALWAYS_SEARCH_USER_PATHS = NO;
				CLANG_ANALYZER_NONNULL = YES;
				CLANG_ANALYZER_NUMBER_OBJECT_CONVERSION = YES_AGGRESSIVE;
				CLANG_CXX_LANGUAGE_STANDARD = "gnu++14";
				CLANG_CXX_LIBRARY = "libc++";
				CLANG_ENABLE_MODULES = YES;
				CLANG_ENABLE_OBJC_ARC = YES;
				CLANG_WARN_BLOCK_CAPTURE_AUTORELEASING = YES;
				CLANG_WARN_BOOL_CONVERSION = YES;
				CLANG_WARN_COMMA = YES;
				CLANG_WARN_CONSTANT_CONVERSION = YES;
				CLANG_WARN_DIRECT_OBJC_ISA_USAGE = YES_ERROR;
				CLANG_WARN_DOCUMENTATION_COMMENTS = YES;
				CLANG_WARN_EMPTY_BODY = YES;
				CLANG_WARN_ENUM_CONVERSION = YES;
				CLANG_WARN_INFINITE_RECURSION = YES;
				CLANG_WARN_INT_CONVERSION = YES;
				CLANG_WARN_NON_LITERAL_NULL_CONVERSION = YES;
				CLANG_WARN_OBJC_LITERAL_CONVERSION = YES;
				CLANG_WARN_OBJC_ROOT_CLASS = YES_ERROR;
				CLANG_WARN_RANGE_LOOP_ANALYSIS = YES;
				CLANG_WARN_STRICT_PROTOTYPES = YES;
				CLANG_WARN_SUSPICIOUS_MOVE = YES;
				CLANG_WARN_UNGUARDED_AVAILABILITY = YES_AGGRESSIVE;
				CLANG_WARN_UNREACHABLE_CODE = YES;
				CLANG_WARN__DUPLICATE_METHOD_MATCH = YES;
				CODE_SIGN_IDENTITY = "iPhone Developer";
				COPY_PHASE_STRIP = NO;
				DEBUG_INFORMATION_FORMAT = dwarf;
				ENABLE_STRICT_OBJC_MSGSEND = YES;
				ENABLE_TESTABILITY = YES;
				GCC_C_LANGUAGE_STANDARD = gnu11;
				GCC_DYNAMIC_NO_PIC = NO;
				GCC_NO_COMMON_BLOCKS = YES;
				GCC_OPTIMIZATION_LEVEL = 0;
				GCC_PREPROCESSOR_DEFINITIONS = (
					"DEBUG=1",
					"$(inherited)",
				);
				GCC_WARN_64_TO_32_BIT_CONVERSION = YES;
				GCC_WARN_ABOUT_RETURN_TYPE = YES_ERROR;
				GCC_WARN_UNDECLARED_SELECTOR = YES;
				GCC_WARN_UNINITIALIZED_AUTOS = YES_AGGRESSIVE;
				GCC_WARN_UNUSED_FUNCTION = YES;
				GCC_WARN_UNUSED_VARIABLE = YES;
				IPHONEOS_DEPLOYMENT_TARGET = 11.0;
				MTL_ENABLE_DEBUG_INFO = YES;
				ONLY_ACTIVE_ARCH = YES;
				SDKROOT = iphoneos;
				SWIFT_ACTIVE_COMPILATION_CONDITIONS = DEBUG;
				SWIFT_OPTIMIZATION_LEVEL = "-Onone";
			};
			name = Debug;
		};
		84131B991F4B3BAB0058A546 /* Release */ = {
			isa = XCBuildConfiguration;
			buildSettings = {
				ALWAYS_SEARCH_USER_PATHS = NO;
				CLANG_ANALYZER_NONNULL = YES;
				CLANG_ANALYZER_NUMBER_OBJECT_CONVERSION = YES_AGGRESSIVE;
				CLANG_CXX_LANGUAGE_STANDARD = "gnu++14";
				CLANG_CXX_LIBRARY = "libc++";
				CLANG_ENABLE_MODULES = YES;
				CLANG_ENABLE_OBJC_ARC = YES;
				CLANG_WARN_BLOCK_CAPTURE_AUTORELEASING = YES;
				CLANG_WARN_BOOL_CONVERSION = YES;
				CLANG_WARN_COMMA = YES;
				CLANG_WARN_CONSTANT_CONVERSION = YES;
				CLANG_WARN_DIRECT_OBJC_ISA_USAGE = YES_ERROR;
				CLANG_WARN_DOCUMENTATION_COMMENTS = YES;
				CLANG_WARN_EMPTY_BODY = YES;
				CLANG_WARN_ENUM_CONVERSION = YES;
				CLANG_WARN_INFINITE_RECURSION = YES;
				CLANG_WARN_INT_CONVERSION = YES;
				CLANG_WARN_NON_LITERAL_NULL_CONVERSION = YES;
				CLANG_WARN_OBJC_LITERAL_CONVERSION = YES;
				CLANG_WARN_OBJC_ROOT_CLASS = YES_ERROR;
				CLANG_WARN_RANGE_LOOP_ANALYSIS = YES;
				CLANG_WARN_STRICT_PROTOTYPES = YES;
				CLANG_WARN_SUSPICIOUS_MOVE = YES;
				CLANG_WARN_UNGUARDED_AVAILABILITY = YES_AGGRESSIVE;
				CLANG_WARN_UNREACHABLE_CODE = YES;
				CLANG_WARN__DUPLICATE_METHOD_MATCH = YES;
				CODE_SIGN_IDENTITY = "iPhone Developer";
				COPY_PHASE_STRIP = NO;
				DEBUG_INFORMATION_FORMAT = "dwarf-with-dsym";
				ENABLE_NS_ASSERTIONS = NO;
				ENABLE_STRICT_OBJC_MSGSEND = YES;
				GCC_C_LANGUAGE_STANDARD = gnu11;
				GCC_NO_COMMON_BLOCKS = YES;
				GCC_WARN_64_TO_32_BIT_CONVERSION = YES;
				GCC_WARN_ABOUT_RETURN_TYPE = YES_ERROR;
				GCC_WARN_UNDECLARED_SELECTOR = YES;
				GCC_WARN_UNINITIALIZED_AUTOS = YES_AGGRESSIVE;
				GCC_WARN_UNUSED_FUNCTION = YES;
				GCC_WARN_UNUSED_VARIABLE = YES;
				IPHONEOS_DEPLOYMENT_TARGET = 11.0;
				MTL_ENABLE_DEBUG_INFO = NO;
				SDKROOT = iphoneos;
				SWIFT_OPTIMIZATION_LEVEL = "-Owholemodule";
				VALIDATE_PRODUCT = YES;
			};
			name = Release;
		};
		84131B9B1F4B3BAB0058A546 /* Debug */ = {
			isa = XCBuildConfiguration;
			buildSettings = {
				ASSETCATALOG_COMPILER_APPICON_NAME = AppIcon;
				DEVELOPMENT_TEAM = 8797H9QG5J;
				INFOPLIST_FILE = ObjectDetectorSwift4/Info.plist;
				LD_RUNPATH_SEARCH_PATHS = "$(inherited) @executable_path/Frameworks";
				PRODUCT_BUNDLE_IDENTIFIER = tiagoalexbastos.tutoriais.ObjectDetectorSwift4;
				PRODUCT_NAME = "$(TARGET_NAME)";
				SWIFT_VERSION = 4.0;
				TARGETED_DEVICE_FAMILY = "1,2";
			};
			name = Debug;
		};
		84131B9C1F4B3BAB0058A546 /* Release */ = {
			isa = XCBuildConfiguration;
			buildSettings = {
				ASSETCATALOG_COMPILER_APPICON_NAME = AppIcon;
				DEVELOPMENT_TEAM = 8797H9QG5J;
				INFOPLIST_FILE = ObjectDetectorSwift4/Info.plist;
				LD_RUNPATH_SEARCH_PATHS = "$(inherited) @executable_path/Frameworks";
				PRODUCT_BUNDLE_IDENTIFIER = tiagoalexbastos.tutoriais.ObjectDetectorSwift4;
				PRODUCT_NAME = "$(TARGET_NAME)";
				SWIFT_VERSION = 4.0;
				TARGETED_DEVICE_FAMILY = "1,2";
			};
			name = Release;
		};
/* End XCBuildConfiguration section */

/* Begin XCConfigurationList section */
		84131B831F4B3BAB0058A546 /* Build configuration list for PBXProject "ObjectDetectorSwift4" */ = {
			isa = XCConfigurationList;
			buildConfigurations = (
				84131B981F4B3BAB0058A546 /* Debug */,
				84131B991F4B3BAB0058A546 /* Release */,
			);
			defaultConfigurationIsVisible = 0;
			defaultConfigurationName = Release;
		};
		84131B9A1F4B3BAB0058A546 /* Build configuration list for PBXNativeTarget "ObjectDetectorSwift4" */ = {
			isa = XCConfigurationList;
			buildConfigurations = (
				84131B9B1F4B3BAB0058A546 /* Debug */,
				84131B9C1F4B3BAB0058A546 /* Release */,
			);
			defaultConfigurationIsVisible = 0;
			defaultConfigurationName = Release;
		};
/* End XCConfigurationList section */
	};
	rootObject = 84131B801F4B3BAB0058A546 /* Project object */;
}
